
Microsoft Visual Studio Solution File, Format Version 12.00
# Visual Studio Version 17
VisualStudioVersion = 17.6.33723.286
MinimumVisualStudioVersion = 10.0.40219.1
Project("{FAE04EC0-301F-11D3-BF4B-00C04F79EFBC}") = "GALAXIAN", "GALAXIAN\GALAXIAN.csproj", "{3BEE4001-CF66-4545-8C3D-A35CFC22E650}"
EndProject
Global
	GlobalSection(SolutionConfigurationPlatforms) = preSolution
		Debug|Any CPU = Debug|Any CPU
		Release|Any CPU = Release|Any CPU
	EndGlobalSection
	GlobalSection(ProjectConfigurationPlatforms) = postSolution
		{3BEE4001-CF66-4545-8C3D-A35CFC22E650}.Debug|Any CPU.ActiveCfg = Debug|Any CPU
		{3BEE4001-CF66-4545-8C3D-A35CFC22E650}.Debug|Any CPU.Build.0 = Debug|Any CPU
		{3BEE4001-CF66-4545-8C3D-A35CFC22E650}.Release|Any CPU.ActiveCfg = Release|Any CPU
		{3BEE4001-CF66-4545-8C3D-A35CFC22E650}.Release|Any CPU.Build.0 = Release|Any CPU
	EndGlobalSection
	GlobalSection(SolutionProperties) = preSolution
		HideSolutionNode = FALSE
	EndGlobalSection
	GlobalSection(ExtensibilityGlobals) = postSolution
		SolutionGuid = {C14BA8FA-3A81-414D-8B24-20432CC1B408}
	EndGlobalSection
EndGlobal
